// !$*UTF8*$!
{
	archiveVersion = 1;
	classes = {
	};
	objectVersion = 46;
	objects = {

/* Begin PBXBuildFile section */
		86734D031DB1771900195E42 /* AppDelegate.swift in Sources */ = {isa = PBXBuildFile; fileRef = 86734D021DB1771900195E42 /* AppDelegate.swift */; };
		86734D051DB1771900195E42 /* ViewController.swift in Sources */ = {isa = PBXBuildFile; fileRef = 86734D041DB1771900195E42 /* ViewController.swift */; };
		86734D081DB1771900195E42 /* Main.storyboard in Resources */ = {isa = PBXBuildFile; fileRef = 86734D061DB1771900195E42 /* Main.storyboard */; };
		86734D0A1DB1771900195E42 /* Assets.xcassets in Resources */ = {isa = PBXBuildFile; fileRef = 86734D091DB1771900195E42 /* Assets.xcassets */; };
		86734D0D1DB1771900195E42 /* LaunchScreen.storyboard in Resources */ = {isa = PBXBuildFile; fileRef = 86734D0B1DB1771900195E42 /* LaunchScreen.storyboard */; };
/* End PBXBuildFile section */

/* Begin PBXFileReference section */
		86734CFF1DB1771900195E42 /* Breadcrumbs 2.0.app */ = {isa = PBXFileReference; explicitFileType = wrapper.application; includeInIndex = 0; path = "Breadcrumbs 2.0.app"; sourceTree = BUILT_PRODUCTS_DIR; };
		86734D021DB1771900195E42 /* AppDelegate.swift */ = {isa = PBXFileReference; lastKnownFileType = sourcecode.swift; path = AppDelegate.swift; sourceTree = "<group>"; };
		86734D041DB1771900195E42 /* ViewController.swift */ = {isa = PBXFileReference; lastKnownFileType = sourcecode.swift; path = ViewController.swift; sourceTree = "<group>"; };
		86734D071DB1771900195E42 /* Base */ = {isa = PBXFileReference; lastKnownFileType = file.storyboard; name = Base; path = Base.lproj/Main.storyboard; sourceTree = "<group>"; };
		86734D091DB1771900195E42 /* Assets.xcassets */ = {isa = PBXFileReference; lastKnownFileType = folder.assetcatalog; path = Assets.xcassets; sourceTree = "<group>"; };
		86734D0C1DB1771900195E42 /* Base */ = {isa = PBXFileReference; lastKnownFileType = file.storyboard; name = Base; path = Base.lproj/LaunchScreen.storyboard; sourceTree = "<group>"; };
		86734D0E1DB1771A00195E42 /* Info.plist */ = {isa = PBXFileReference; lastKnownFileType = text.plist.xml; path = Info.plist; sourceTree = "<group>"; };
/* End PBXFileReference section */

/* Begin PBXFrameworksBuildPhase section */
		86734CFC1DB1771900195E42 /* Frameworks */ = {
			isa = PBXFrameworksBuildPhase;
			buildActionMask = 2147483647;
			files = (
			);
			runOnlyForDeploymentPostprocessing = 0;
		};
/* End PBXFrameworksBuildPhase section */

/* Begin PBXGroup section */
		86734CF61DB1771900195E42 = {
			isa = PBXGroup;
			children = (
				86734D011DB1771900195E42 /* Breadcrumbs 2.0 */,
				86734D001DB1771900195E42 /* Products */,
			);
			sourceTree = "<group>";
		};
		86734D001DB1771900195E42 /* Products */ = {
			isa = PBXGroup;
			children = (
				86734CFF1DB1771900195E42 /* Breadcrumbs 2.0.app */,
			);
			name = Products;
			sourceTree = "<group>";
		};
		86734D011DB1771900195E42 /* Breadcrumbs 2.0 */ = {
			isa = PBXGroup;
			children = (
				86734D021DB1771900195E42 /* AppDelegate.swift */,
				86734D041DB1771900195E42 /* ViewController.swift */,
				86734D061DB1771900195E42 /* Main.storyboard */,
				86734D091DB1771900195E42 /* Assets.xcassets */,
				86734D0B1DB1771900195E42 /* LaunchScreen.storyboard */,
				86734D0E1DB1771A00195E42 /* Info.plist */,
			);
			path = "Breadcrumbs 2.0";
			sourceTree = "<group>";
		};
/* End PBXGroup section */

/* Begin PBXNativeTarget section */
		86734CFE1DB1771900195E42 /* Breadcrumbs 2.0 */ = {
			isa = PBXNativeTarget;
			buildConfigurationList = 86734D111DB1771A00195E42 /* Build configuration list for PBXNativeTarget "Breadcrumbs 2.0" */;
			buildPhases = (
				86734CFB1DB1771900195E42 /* Sources */,
				86734CFC1DB1771900195E42 /* Frameworks */,
				86734CFD1DB1771900195E42 /* Resources */,
			);
			buildRules = (
			);
			dependencies = (
			);
			name = "Breadcrumbs 2.0";
			productName = "Breadcrumbs 2.0";
			productReference = 86734CFF1DB1771900195E42 /* Breadcrumbs 2.0.app */;
			productType = "com.apple.product-type.application";
		};
/* End PBXNativeTarget section */

/* Begin PBXProject section */
		86734CF71DB1771900195E42 /* Project object */ = {
			isa = PBXProject;
			attributes = {
				LastSwiftUpdateCheck = 0800;
				LastUpgradeCheck = 0800;
				ORGANIZATIONNAME = "Poetic Pete";
				TargetAttributes = {
					86734CFE1DB1771900195E42 = {
						CreatedOnToolsVersion = 8.0;
						ProvisioningStyle = Automatic;
					};
				};
			};
			buildConfigurationList = 86734CFA1DB1771900195E42 /* Build configuration list for PBXProject "Breadcrumbs 2.0" */;
			compatibilityVersion = "Xcode 3.2";
			developmentRegion = English;
			hasScannedForEncodings = 0;
			knownRegions = (
				en,
				Base,
			);
			mainGroup = 86734CF61DB1771900195E42;
			productRefGroup = 86734D001DB1771900195E42 /* Products */;
			projectDirPath = "";
			projectRoot = "";
			targets = (
				86734CFE1DB1771900195E42 /* Breadcrumbs 2.0 */,
			);
		};
/* End PBXProject section */

/* Begin PBXResourcesBuildPhase section */
		86734CFD1DB1771900195E42 /* Resources */ = {
			isa = PBXResourcesBuildPhase;
			buildActionMask = 2147483647;
			files = (
				86734D0D1DB1771900195E42 /* LaunchScreen.storyboard in Resources */,
				86734D0A1DB1771900195E42 /* Assets.xcassets in Resources */,
				86734D081DB1771900195E42 /* Main.storyboard in Resources */,
			);
			runOnlyForDeploymentPostprocessing = 0;
		};
/* End PBXResourcesBuildPhase section */

/* Begin PBXSourcesBuildPhase section */
		86734CFB1DB1771900195E42 /* Sources */ = {
			isa = PBXSourcesBuildPhase;
			buildActionMask = 2147483647;
			files = (
				86734D051DB1771900195E42 /* ViewController.swift in Sources */,
				86734D031DB1771900195E42 /* AppDelegate.swift in Sources */,
			);
			runOnlyForDeploymentPostprocessing = 0;
		};
/* End PBXSourcesBuildPhase section */

/* Begin PBXVariantGroup section */
		86734D061DB1771900195E42 /* Main.storyboard */ = {
			isa = PBXVariantGroup;
			children = (
				86734D071DB1771900195E42 /* Base */,
			);
			name = Main.storyboard;
			sourceTree = "<group>";
		};
		86734D0B1DB1771900195E42 /* LaunchScreen.storyboard */ = {
			isa = PBXVariantGroup;
			children = (
				86734D0C1DB1771900195E42 /* Base */,
			);
			name = LaunchScreen.storyboard;
			sourceTree = "<group>";
		};
/* End PBXVariantGroup section */

/* Begin XCBuildConfiguration section */
		86734D0F1DB1771A00195E42 /* Debug */ = {
			isa = XCBuildConfiguration;
			buildSettings = {
				ALWAYS_SEARCH_USER_PATHS = NO;
				CLANG_ANALYZER_NONNULL = YES;
				CLANG_CXX_LANGUAGE_STANDARD = "gnu++0x";
				CLANG_CXX_LIBRARY = "libc++";
				CLANG_ENABLE_MODULES = YES;
				CLANG_ENABLE_OBJC_ARC = YES;
				CLANG_WARN_BOOL_CONVERSION = YES;
				CLANG_WARN_CONSTANT_CONVERSION = YES;
				CLANG_WARN_DIRECT_OBJC_ISA_USAGE = YES_ERROR;
				CLANG_WARN_DOCUMENTATION_COMMENTS = YES;
				CLANG_WARN_EMPTY_BODY = YES;
				CLANG_WARN_ENUM_CONVERSION = YES;
				CLANG_WARN_INFINITE_RECURSION = YES;
				CLANG_WARN_INT_CONVERSION = YES;
				CLANG_WARN_OBJC_ROOT_CLASS = YES_ERROR;
				CLANG_WARN_SUSPICIOUS_MOVES = YES;
				CLANG_WARN_UNREACHABLE_CODE = YES;
				CLANG_WARN__DUPLICATE_METHOD_MATCH = YES;
				"CODE_SIGN_IDENTITY[sdk=iphoneos*]" = "iPhone Developer";
				COPY_PHASE_STRIP = NO;
				DEBUG_INFORMATION_FORMAT = dwarf;
				ENABLE_STRICT_OBJC_MSGSEND = YES;
				ENABLE_TESTABILITY = YES;
				GCC_C_LANGUAGE_STANDARD = gnu99;
				GCC_DYNAMIC_NO_PIC = NO;
				GCC_NO_COMMON_BLOCKS = YES;
				GCC_OPTIMIZATION_LEVEL = 0;
				GCC_PREPROCESSOR_DEFINITIONS = (
					"DEBUG=1",
					"$(inherited)",
				);
				GCC_WARN_64_TO_32_BIT_CONVERSION = YES;
				GCC_WARN_ABOUT_RETURN_TYPE = YES_ERROR;
				GCC_WARN_UNDECLARED_SELECTOR = YES;
				GCC_WARN_UNINITIALIZED_AUTOS = YES_AGGRESSIVE;
				GCC_WARN_UNUSED_FUNCTION = YES;
				GCC_WARN_UNUSED_VARIABLE = YES;
				IPHONEOS_DEPLOYMENT_TARGET = 10.0;
				MTL_ENABLE_DEBUG_INFO = YES;
				ONLY_ACTIVE_ARCH = YES;
				SDKROOT = iphoneos;
				SWIFT_ACTIVE_COMPILATION_CONDITIONS = DEBUG;
				SWIFT_OPTIMIZATION_LEVEL = "-Onone";
			};
			name = Debug;
		};
		86734D101DB1771A00195E42 /* Release */ = {
			isa = XCBuildConfiguration;
			buildSettings = {
				ALWAYS_SEARCH_USER_PATHS = NO;
				CLANG_ANALYZER_NONNULL = YES;
				CLANG_CXX_LANGUAGE_STANDARD = "gnu++0x";
				CLANG_CXX_LIBRARY = "libc++";
				CLANG_ENABLE_MODULES = YES;
				CLANG_ENABLE_OBJC_ARC = YES;
				CLANG_WARN_BOOL_CONVERSION = YES;
				CLANG_WARN_CONSTANT_CONVERSION = YES;
				CLANG_WARN_DIRECT_OBJC_ISA_USAGE = YES_ERROR;
				CLANG_WARN_DOCUMENTATION_COMMENTS = YES;
				CLANG_WARN_EMPTY_BODY = YES;
				CLANG_WARN_ENUM_CONVERSION = YES;
				CLANG_WARN_INFINITE_RECURSION = YES;
				CLANG_WARN_INT_CONVERSION = YES;
				CLANG_WARN_OBJC_ROOT_CLASS = YES_ERROR;
				CLANG_WARN_SUSPICIOUS_MOVES = YES;
				CLANG_WARN_UNREACHABLE_CODE = YES;
				CLANG_WARN__DUPLICATE_METHOD_MATCH = YES;
				"CODE_SIGN_IDENTITY[sdk=iphoneos*]" = "iPhone Developer";
				COPY_PHASE_STRIP = NO;
				DEBUG_INFORMATION_FORMAT = "dwarf-with-dsym";
				ENABLE_NS_ASSERTIONS = NO;
				ENABLE_STRICT_OBJC_MSGSEND = YES;
				GCC_C_LANGUAGE_STANDARD = gnu99;
				GCC_NO_COMMON_BLOCKS = YES;
				GCC_WARN_64_TO_32_BIT_CONVERSION = YES;
				GCC_WARN_ABOUT_RETURN_TYPE = YES_ERROR;
				GCC_WARN_UNDECLARED_SELECTOR = YES;
				GCC_WARN_UNINITIALIZED_AUTOS = YES_AGGRESSIVE;
				GCC_WARN_UNUSED_FUNCTION = YES;
				GCC_WARN_UNUSED_VARIABLE = YES;
				IPHONEOS_DEPLOYMENT_TARGET = 10.0;
				MTL_ENABLE_DEBUG_INFO = NO;
				SDKROOT = iphoneos;
				SWIFT_OPTIMIZATION_LEVEL = "-Owholemodule";
				VALIDATE_PRODUCT = YES;
			};
			name = Release;
		};
		86734D121DB1771A00195E42 /* Debug */ = {
			isa = XCBuildConfiguration;
			buildSettings = {
				ASSETCATALOG_COMPILER_APPICON_NAME = AppIcon;
				INFOPLIST_FILE = "Breadcrumbs 2.0/Info.plist";
				LD_RUNPATH_SEARCH_PATHS = "$(inherited) @executable_path/Frameworks";
				PRODUCT_BUNDLE_IDENTIFIER = "com.PoeticPete.Breadcrumbs-2-0";
				PRODUCT_NAME = "$(TARGET_NAME)";
				SWIFT_VERSION = 3.0;
			};
			name = Debug;
		};
		86734D131DB1771A00195E42 /* Release */ = {
			isa = XCBuildConfiguration;
			buildSettings = {
				ASSETCATALOG_COMPILER_APPICON_NAME = AppIcon;
				INFOPLIST_FILE = "Breadcrumbs 2.0/Info.plist";
				LD_RUNPATH_SEARCH_PATHS = "$(inherited) @executable_path/Frameworks";
				PRODUCT_BUNDLE_IDENTIFIER = "com.PoeticPete.Breadcrumbs-2-0";
				PRODUCT_NAME = "$(TARGET_NAME)";
				SWIFT_VERSION = 3.0;
			};
			name = Release;
		};
/* End XCBuildConfiguration section */

/* Begin XCConfigurationList section */
		86734CFA1DB1771900195E42 /* Build configuration list for PBXProject "Breadcrumbs 2.0" */ = {
			isa = XCConfigurationList;
			buildConfigurations = (
				86734D0F1DB1771A00195E42 /* Debug */,
				86734D101DB1771A00195E42 /* Release */,
			);
			defaultConfigurationIsVisible = 0;
			defaultConfigurationName = Release;
		};
		86734D111DB1771A00195E42 /* Build configuration list for PBXNativeTarget "Breadcrumbs 2.0" */ = {
			isa = XCConfigurationList;
			buildConfigurations = (
				86734D121DB1771A00195E42 /* Debug */,
				86734D131DB1771A00195E42 /* Release */,
			);
			defaultConfigurationIsVisible = 0;
		};
/* End XCConfigurationList section */
	};
	rootObject = 86734CF71DB1771900195E42 /* Project object */;
}
